
Microsoft Visual Studio Solution File, Format Version 12.00
# Visual Studio Version 16
VisualStudioVersion = 16.0.31624.102
MinimumVisualStudioVersion = 10.0.40219.1
Project("{9A19103F-16F7-4668-BE54-9A1E7A4F7556}") = "FleetChatBotServer", "FleetChatBotServer\FleetChatBotServer.csproj", "{846E643D-D51C-45C6-8AF1-4DEC6F476CC9}"
EndProject
Project("{FAE04EC0-301F-11D3-BF4B-00C04F79EFBC}") = "FleetChatBotUI", "FleetChatBotUI\FleetChatBotUI.csproj", "{BBE2276D-9691-49EA-8B90-8A184C1D3A0A}"
EndProject
Project("{2150E333-8FDC-42A3-9474-1A3956D46DE8}") = "Solution Items", "Solution Items", "{65792527-038C-46FA-8421-620EAE8CB106}"
	ProjectSection(SolutionItems) = preProject
		FleetChatBotServer\Infrastructure\GlobalConfig\InfraConfiguration.json = FleetChatBotServer\Infrastructure\GlobalConfig\InfraConfiguration.json
		README.md = README.md
	EndProjectSection
EndProject
Global
	GlobalSection(SolutionConfigurationPlatforms) = preSolution
		Debug|Any CPU = Debug|Any CPU
		Debug|x64 = Debug|x64
		Release|Any CPU = Release|Any CPU
		Release|x64 = Release|x64
	EndGlobalSection
	GlobalSection(ProjectConfigurationPlatforms) = postSolution
		{846E643D-D51C-45C6-8AF1-4DEC6F476CC9}.Debug|Any CPU.ActiveCfg = Debug|x64
		{846E643D-D51C-45C6-8AF1-4DEC6F476CC9}.Debug|Any CPU.Build.0 = Debug|x64
		{846E643D-D51C-45C6-8AF1-4DEC6F476CC9}.Debug|x64.ActiveCfg = Debug|x64
		{846E643D-D51C-45C6-8AF1-4DEC6F476CC9}.Debug|x64.Build.0 = Debug|x64
		{846E643D-D51C-45C6-8AF1-4DEC6F476CC9}.Release|Any CPU.ActiveCfg = Release|x64
		{846E643D-D51C-45C6-8AF1-4DEC6F476CC9}.Release|Any CPU.Build.0 = Release|x64
		{846E643D-D51C-45C6-8AF1-4DEC6F476CC9}.Release|x64.ActiveCfg = Release|x64
		{846E643D-D51C-45C6-8AF1-4DEC6F476CC9}.Release|x64.Build.0 = Release|x64
		{BBE2276D-9691-49EA-8B90-8A184C1D3A0A}.Debug|Any CPU.ActiveCfg = Debug|x64
		{BBE2276D-9691-49EA-8B90-8A184C1D3A0A}.Debug|Any CPU.Build.0 = Debug|x64
		{BBE2276D-9691-49EA-8B90-8A184C1D3A0A}.Debug|x64.ActiveCfg = Debug|x64
		{BBE2276D-9691-49EA-8B90-8A184C1D3A0A}.Debug|x64.Build.0 = Debug|x64
		{BBE2276D-9691-49EA-8B90-8A184C1D3A0A}.Release|Any CPU.ActiveCfg = Release|x64
		{BBE2276D-9691-49EA-8B90-8A184C1D3A0A}.Release|x64.ActiveCfg = Release|x64
		{BBE2276D-9691-49EA-8B90-8A184C1D3A0A}.Release|x64.Build.0 = Release|x64
	EndGlobalSection
	GlobalSection(SolutionProperties) = preSolution
		HideSolutionNode = FALSE
	EndGlobalSection
	GlobalSection(ExtensibilityGlobals) = postSolution
		SolutionGuid = {839BBD5F-0ECF-4E61-B46C-44D9C43DE6C5}
	EndGlobalSection
EndGlobal
